
Microsoft Visual Studio Solution File, Format Version 12.00
# Visual Studio Version 17
VisualStudioVersion = 17.0.31919.166
MinimumVisualStudioVersion = 10.0.40219.1
Project("{54A90642-561A-4BB1-A94E-469ADEE60C69}") = "card-game", "card-game\card-game.esproj", "{FE2C853C-DA32-446C-8B28-C77D7CD02DBD}"
EndProject
Global
	GlobalSection(SolutionConfigurationPlatforms) = preSolution
		Debug|Any CPU = Debug|Any CPU
		Release|Any CPU = Release|Any CPU
	EndGlobalSection
	GlobalSection(ProjectConfigurationPlatforms) = postSolution
		{FE2C853C-DA32-446C-8B28-C77D7CD02DBD}.Debug|Any CPU.ActiveCfg = Debug|Any CPU
		{FE2C853C-DA32-446C-8B28-C77D7CD02DBD}.Debug|Any CPU.Build.0 = Debug|Any CPU
		{FE2C853C-DA32-446C-8B28-C77D7CD02DBD}.Debug|Any CPU.Deploy.0 = Debug|Any CPU
		{FE2C853C-DA32-446C-8B28-C77D7CD02DBD}.Release|Any CPU.ActiveCfg = Release|Any CPU
		{FE2C853C-DA32-446C-8B28-C77D7CD02DBD}.Release|Any CPU.Build.0 = Release|Any CPU
		{FE2C853C-DA32-446C-8B28-C77D7CD02DBD}.Release|Any CPU.Deploy.0 = Release|Any CPU
	EndGlobalSection
	GlobalSection(SolutionProperties) = preSolution
		HideSolutionNode = FALSE
	EndGlobalSection
	GlobalSection(ExtensibilityGlobals) = postSolution
		SolutionGuid = {1A0B990D-FB53-4994-A024-76CCEE08B26C}
	EndGlobalSection
EndGlobal
